// !$*UTF8*$!
{
	archiveVersion = 1;
	classes = {
	};
	objectVersion = 46;
	objects = {

/* Begin PBXBuildFile section */
		021BC5721A98284300B336F4 /* AppDelegate.swift in Sources */ = {isa = PBXBuildFile; fileRef = 021BC5711A98284300B336F4 /* AppDelegate.swift */; };
		021BC5741A98284300B336F4 /* ViewController.swift in Sources */ = {isa = PBXBuildFile; fileRef = 021BC5731A98284300B336F4 /* ViewController.swift */; };
		021BC5771A98284300B336F4 /* Main.storyboard in Resources */ = {isa = PBXBuildFile; fileRef = 021BC5751A98284300B336F4 /* Main.storyboard */; };
		021BC5791A98284300B336F4 /* Images.xcassets in Resources */ = {isa = PBXBuildFile; fileRef = 021BC5781A98284300B336F4 /* Images.xcassets */; };
		021BC57C1A98284300B336F4 /* LaunchScreen.xib in Resources */ = {isa = PBXBuildFile; fileRef = 021BC57A1A98284300B336F4 /* LaunchScreen.xib */; };
		021BC5881A98284300B336F4 /* DemoTests.swift in Sources */ = {isa = PBXBuildFile; fileRef = 021BC5871A98284300B336F4 /* DemoTests.swift */; };
		021BC5921A98286B00B336F4 /* ZHDatePicker.swift in Sources */ = {isa = PBXBuildFile; fileRef = 021BC5911A98286B00B336F4 /* ZHDatePicker.swift */; };
/* End PBXBuildFile section */

/* Begin PBXContainerItemProxy section */
		021BC5821A98284300B336F4 /* PBXContainerItemProxy */ = {
			isa = PBXContainerItemProxy;
			containerPortal = 021BC5641A98284200B336F4 /* Project object */;
			proxyType = 1;
			remoteGlobalIDString = 021BC56B1A98284200B336F4;
			remoteInfo = Demo;
		};
/* End PBXContainerItemProxy section */

/* Begin PBXFileReference section */
		021BC56C1A98284300B336F4 /* Demo.app */ = {isa = PBXFileReference; explicitFileType = wrapper.application; includeInIndex = 0; path = Demo.app; sourceTree = BUILT_PRODUCTS_DIR; };
		021BC5701A98284300B336F4 /* Info.plist */ = {isa = PBXFileReference; lastKnownFileType = text.plist.xml; path = Info.plist; sourceTree = "<group>"; };
		021BC5711A98284300B336F4 /* AppDelegate.swift */ = {isa = PBXFileReference; lastKnownFileType = sourcecode.swift; path = AppDelegate.swift; sourceTree = "<group>"; };
		021BC5731A98284300B336F4 /* ViewController.swift */ = {isa = PBXFileReference; lastKnownFileType = sourcecode.swift; path = ViewController.swift; sourceTree = "<group>"; };
		021BC5761A98284300B336F4 /* Base */ = {isa = PBXFileReference; lastKnownFileType = file.storyboard; name = Base; path = Base.lproj/Main.storyboard; sourceTree = "<group>"; };
		021BC5781A98284300B336F4 /* Images.xcassets */ = {isa = PBXFileReference; lastKnownFileType = folder.assetcatalog; path = Images.xcassets; sourceTree = "<group>"; };
		021BC57B1A98284300B336F4 /* Base */ = {isa = PBXFileReference; lastKnownFileType = file.xib; name = Base; path = Base.lproj/LaunchScreen.xib; sourceTree = "<group>"; };
		021BC5811A98284300B336F4 /* DemoTests.xctest */ = {isa = PBXFileReference; explicitFileType = wrapper.cfbundle; includeInIndex = 0; path = DemoTests.xctest; sourceTree = BUILT_PRODUCTS_DIR; };
		021BC5861A98284300B336F4 /* Info.plist */ = {isa = PBXFileReference; lastKnownFileType = text.plist.xml; path = Info.plist; sourceTree = "<group>"; };
		021BC5871A98284300B336F4 /* DemoTests.swift */ = {isa = PBXFileReference; lastKnownFileType = sourcecode.swift; path = DemoTests.swift; sourceTree = "<group>"; };
		021BC5911A98286B00B336F4 /* ZHDatePicker.swift */ = {isa = PBXFileReference; fileEncoding = 4; lastKnownFileType = sourcecode.swift; path = ZHDatePicker.swift; sourceTree = "<group>"; };
/* End PBXFileReference section */

/* Begin PBXFrameworksBuildPhase section */
		021BC5691A98284200B336F4 /* Frameworks */ = {
			isa = PBXFrameworksBuildPhase;
			buildActionMask = 2147483647;
			files = (
			);
			runOnlyForDeploymentPostprocessing = 0;
		};
		021BC57E1A98284300B336F4 /* Frameworks */ = {
			isa = PBXFrameworksBuildPhase;
			buildActionMask = 2147483647;
			files = (
			);
			runOnlyForDeploymentPostprocessing = 0;
		};
/* End PBXFrameworksBuildPhase section */

/* Begin PBXGroup section */
		021BC5631A98284200B336F4 = {
			isa = PBXGroup;
			children = (
				021BC56E1A98284300B336F4 /* Demo */,
				021BC5841A98284300B336F4 /* DemoTests */,
				021BC56D1A98284300B336F4 /* Products */,
			);
			sourceTree = "<group>";
		};
		021BC56D1A98284300B336F4 /* Products */ = {
			isa = PBXGroup;
			children = (
				021BC56C1A98284300B336F4 /* Demo.app */,
				021BC5811A98284300B336F4 /* DemoTests.xctest */,
			);
			name = Products;
			sourceTree = "<group>";
		};
		021BC56E1A98284300B336F4 /* Demo */ = {
			isa = PBXGroup;
			children = (
				021BC5911A98286B00B336F4 /* ZHDatePicker.swift */,
				021BC5711A98284300B336F4 /* AppDelegate.swift */,
				021BC5731A98284300B336F4 /* ViewController.swift */,
				021BC5751A98284300B336F4 /* Main.storyboard */,
				021BC5781A98284300B336F4 /* Images.xcassets */,
				021BC57A1A98284300B336F4 /* LaunchScreen.xib */,
				021BC56F1A98284300B336F4 /* Supporting Files */,
			);
			path = Demo;
			sourceTree = "<group>";
		};
		021BC56F1A98284300B336F4 /* Supporting Files */ = {
			isa = PBXGroup;
			children = (
				021BC5701A98284300B336F4 /* Info.plist */,
			);
			name = "Supporting Files";
			sourceTree = "<group>";
		};
		021BC5841A98284300B336F4 /* DemoTests */ = {
			isa = PBXGroup;
			children = (
				021BC5871A98284300B336F4 /* DemoTests.swift */,
				021BC5851A98284300B336F4 /* Supporting Files */,
			);
			path = DemoTests;
			sourceTree = "<group>";
		};
		021BC5851A98284300B336F4 /* Supporting Files */ = {
			isa = PBXGroup;
			children = (
				021BC5861A98284300B336F4 /* Info.plist */,
			);
			name = "Supporting Files";
			sourceTree = "<group>";
		};
/* End PBXGroup section */

/* Begin PBXNativeTarget section */
		021BC56B1A98284200B336F4 /* Demo */ = {
			isa = PBXNativeTarget;
			buildConfigurationList = 021BC58B1A98284300B336F4 /* Build configuration list for PBXNativeTarget "Demo" */;
			buildPhases = (
				021BC5681A98284200B336F4 /* Sources */,
				021BC5691A98284200B336F4 /* Frameworks */,
				021BC56A1A98284200B336F4 /* Resources */,
			);
			buildRules = (
			);
			dependencies = (
			);
			name = Demo;
			productName = Demo;
			productReference = 021BC56C1A98284300B336F4 /* Demo.app */;
			productType = "com.apple.product-type.application";
		};
		021BC5801A98284300B336F4 /* DemoTests */ = {
			isa = PBXNativeTarget;
			buildConfigurationList = 021BC58E1A98284300B336F4 /* Build configuration list for PBXNativeTarget "DemoTests" */;
			buildPhases = (
				021BC57D1A98284300B336F4 /* Sources */,
				021BC57E1A98284300B336F4 /* Frameworks */,
				021BC57F1A98284300B336F4 /* Resources */,
			);
			buildRules = (
			);
			dependencies = (
				021BC5831A98284300B336F4 /* PBXTargetDependency */,
			);
			name = DemoTests;
			productName = DemoTests;
			productReference = 021BC5811A98284300B336F4 /* DemoTests.xctest */;
			productType = "com.apple.product-type.bundle.unit-test";
		};
/* End PBXNativeTarget section */

/* Begin PBXProject section */
		021BC5641A98284200B336F4 /* Project object */ = {
			isa = PBXProject;
			attributes = {
				LastUpgradeCheck = 0610;
				ORGANIZATIONNAME = "Honghao Zhang";
				TargetAttributes = {
					021BC56B1A98284200B336F4 = {
						CreatedOnToolsVersion = 6.1.1;
					};
					021BC5801A98284300B336F4 = {
						CreatedOnToolsVersion = 6.1.1;
						TestTargetID = 021BC56B1A98284200B336F4;
					};
				};
			};
			buildConfigurationList = 021BC5671A98284200B336F4 /* Build configuration list for PBXProject "Demo" */;
			compatibilityVersion = "Xcode 3.2";
			developmentRegion = English;
			hasScannedForEncodings = 0;
			knownRegions = (
				en,
				Base,
			);
			mainGroup = 021BC5631A98284200B336F4;
			productRefGroup = 021BC56D1A98284300B336F4 /* Products */;
			projectDirPath = "";
			projectRoot = "";
			targets = (
				021BC56B1A98284200B336F4 /* Demo */,
				021BC5801A98284300B336F4 /* DemoTests */,
			);
		};
/* End PBXProject section */

/* Begin PBXResourcesBuildPhase section */
		021BC56A1A98284200B336F4 /* Resources */ = {
			isa = PBXResourcesBuildPhase;
			buildActionMask = 2147483647;
			files = (
				021BC5771A98284300B336F4 /* Main.storyboard in Resources */,
				021BC57C1A98284300B336F4 /* LaunchScreen.xib in Resources */,
				021BC5791A98284300B336F4 /* Images.xcassets in Resources */,
			);
			runOnlyForDeploymentPostprocessing = 0;
		};
		021BC57F1A98284300B336F4 /* Resources */ = {
			isa = PBXResourcesBuildPhase;
			buildActionMask = 2147483647;
			files = (
			);
			runOnlyForDeploymentPostprocessing = 0;
		};
/* End PBXResourcesBuildPhase section */

/* Begin PBXSourcesBuildPhase section */
		021BC5681A98284200B336F4 /* Sources */ = {
			isa = PBXSourcesBuildPhase;
			buildActionMask = 2147483647;
			files = (
				021BC5741A98284300B336F4 /* ViewController.swift in Sources */,
				021BC5921A98286B00B336F4 /* ZHDatePicker.swift in Sources */,
				021BC5721A98284300B336F4 /* AppDelegate.swift in Sources */,
			);
			runOnlyForDeploymentPostprocessing = 0;
		};
		021BC57D1A98284300B336F4 /* Sources */ = {
			isa = PBXSourcesBuildPhase;
			buildActionMask = 2147483647;
			files = (
				021BC5881A98284300B336F4 /* DemoTests.swift in Sources */,
			);
			runOnlyForDeploymentPostprocessing = 0;
		};
/* End PBXSourcesBuildPhase section */

/* Begin PBXTargetDependency section */
		021BC5831A98284300B336F4 /* PBXTargetDependency */ = {
			isa = PBXTargetDependency;
			target = 021BC56B1A98284200B336F4 /* Demo */;
			targetProxy = 021BC5821A98284300B336F4 /* PBXContainerItemProxy */;
		};
/* End PBXTargetDependency section */

/* Begin PBXVariantGroup section */
		021BC5751A98284300B336F4 /* Main.storyboard */ = {
			isa = PBXVariantGroup;
			children = (
				021BC5761A98284300B336F4 /* Base */,
			);
			name = Main.storyboard;
			sourceTree = "<group>";
		};
		021BC57A1A98284300B336F4 /* LaunchScreen.xib */ = {
			isa = PBXVariantGroup;
			children = (
				021BC57B1A98284300B336F4 /* Base */,
			);
			name = LaunchScreen.xib;
			sourceTree = "<group>";
		};
/* End PBXVariantGroup section */

/* Begin XCBuildConfiguration section */
		021BC5891A98284300B336F4 /* Debug */ = {
			isa = XCBuildConfiguration;
			buildSettings = {
				ALWAYS_SEARCH_USER_PATHS = NO;
				CLANG_CXX_LANGUAGE_STANDARD = "gnu++0x";
				CLANG_CXX_LIBRARY = "libc++";
				CLANG_ENABLE_MODULES = YES;
				CLANG_ENABLE_OBJC_ARC = YES;
				CLANG_WARN_BOOL_CONVERSION = YES;
				CLANG_WARN_CONSTANT_CONVERSION = YES;
				CLANG_WARN_DIRECT_OBJC_ISA_USAGE = YES_ERROR;
				CLANG_WARN_EMPTY_BODY = YES;
				CLANG_WARN_ENUM_CONVERSION = YES;
				CLANG_WARN_INT_CONVERSION = YES;
				CLANG_WARN_OBJC_ROOT_CLASS = YES_ERROR;
				CLANG_WARN_UNREACHABLE_CODE = YES;
				CLANG_WARN__DUPLICATE_METHOD_MATCH = YES;
				"CODE_SIGN_IDENTITY[sdk=iphoneos*]" = "iPhone Developer";
				COPY_PHASE_STRIP = NO;
				ENABLE_STRICT_OBJC_MSGSEND = YES;
				GCC_C_LANGUAGE_STANDARD = gnu99;
				GCC_DYNAMIC_NO_PIC = NO;
				GCC_OPTIMIZATION_LEVEL = 0;
				GCC_PREPROCESSOR_DEFINITIONS = (
					"DEBUG=1",
					"$(inherited)",
				);
				GCC_SYMBOLS_PRIVATE_EXTERN = NO;
				GCC_WARN_64_TO_32_BIT_CONVERSION = YES;
				GCC_WARN_ABOUT_RETURN_TYPE = YES_ERROR;
				GCC_WARN_UNDECLARED_SELECTOR = YES;
				GCC_WARN_UNINITIALIZED_AUTOS = YES_AGGRESSIVE;
				GCC_WARN_UNUSED_FUNCTION = YES;
				GCC_WARN_UNUSED_VARIABLE = YES;
				IPHONEOS_DEPLOYMENT_TARGET = 8.1;
				MTL_ENABLE_DEBUG_INFO = YES;
				ONLY_ACTIVE_ARCH = YES;
				SDKROOT = iphoneos;
				SWIFT_OPTIMIZATION_LEVEL = "-Onone";
				TARGETED_DEVICE_FAMILY = "1,2";
			};
			name = Debug;
		};
		021BC58A1A98284300B336F4 /* Release */ = {
			isa = XCBuildConfiguration;
			buildSettings = {
				ALWAYS_SEARCH_USER_PATHS = NO;
				CLANG_CXX_LANGUAGE_STANDARD = "gnu++0x";
				CLANG_CXX_LIBRARY = "libc++";
				CLANG_ENABLE_MODULES = YES;
				CLANG_ENABLE_OBJC_ARC = YES;
				CLANG_WARN_BOOL_CONVERSION = YES;
				CLANG_WARN_CONSTANT_CONVERSION = YES;
				CLANG_WARN_DIRECT_OBJC_ISA_USAGE = YES_ERROR;
				CLANG_WARN_EMPTY_BODY = YES;
				CLANG_WARN_ENUM_CONVERSION = YES;
				CLANG_WARN_INT_CONVERSION = YES;
				CLANG_WARN_OBJC_ROOT_CLASS = YES_ERROR;
				CLANG_WARN_UNREACHABLE_CODE = YES;
				CLANG_WARN__DUPLICATE_METHOD_MATCH = YES;
				"CODE_SIGN_IDENTITY[sdk=iphoneos*]" = "iPhone Developer";
				COPY_PHASE_STRIP = YES;
				ENABLE_NS_ASSERTIONS = NO;
				ENABLE_STRICT_OBJC_MSGSEND = YES;
				GCC_C_LANGUAGE_STANDARD = gnu99;
				GCC_WARN_64_TO_32_BIT_CONVERSION = YES;
				GCC_WARN_ABOUT_RETURN_TYPE = YES_ERROR;
				GCC_WARN_UNDECLARED_SELECTOR = YES;
				GCC_WARN_UNINITIALIZED_AUTOS = YES_AGGRESSIVE;
				GCC_WARN_UNUSED_FUNCTION = YES;
				GCC_WARN_UNUSED_VARIABLE = YES;
				IPHONEOS_DEPLOYMENT_TARGET = 8.1;
				MTL_ENABLE_DEBUG_INFO = NO;
				SDKROOT = iphoneos;
				TARGETED_DEVICE_FAMILY = "1,2";
				VALIDATE_PRODUCT = YES;
			};
			name = Release;
		};
		021BC58C1A98284300B336F4 /* Debug */ = {
			isa = XCBuildConfiguration;
			buildSettings = {
				ASSETCATALOG_COMPILER_APPICON_NAME = AppIcon;
				INFOPLIST_FILE = Demo/Info.plist;
				LD_RUNPATH_SEARCH_PATHS = "$(inherited) @executable_path/Frameworks";
				PRODUCT_NAME = "$(TARGET_NAME)";
			};
			name = Debug;
		};
		021BC58D1A98284300B336F4 /* Release */ = {
			isa = XCBuildConfiguration;
			buildSettings = {
				ASSETCATALOG_COMPILER_APPICON_NAME = AppIcon;
				INFOPLIST_FILE = Demo/Info.plist;
				LD_RUNPATH_SEARCH_PATHS = "$(inherited) @executable_path/Frameworks";
				PRODUCT_NAME = "$(TARGET_NAME)";
			};
			name = Release;
		};
		021BC58F1A98284300B336F4 /* Debug */ = {
			isa = XCBuildConfiguration;
			buildSettings = {
				BUNDLE_LOADER = "$(TEST_HOST)";
				FRAMEWORK_SEARCH_PATHS = (
					"$(SDKROOT)/Developer/Library/Frameworks",
					"$(inherited)",
				);
				GCC_PREPROCESSOR_DEFINITIONS = (
					"DEBUG=1",
					"$(inherited)",
				);
				INFOPLIST_FILE = DemoTests/Info.plist;
				LD_RUNPATH_SEARCH_PATHS = "$(inherited) @executable_path/Frameworks @loader_path/Frameworks";
				PRODUCT_NAME = "$(TARGET_NAME)";
				TEST_HOST = "$(BUILT_PRODUCTS_DIR)/Demo.app/Demo";
			};
			name = Debug;
		};
		021BC5901A98284300B336F4 /* Release */ = {
			isa = XCBuildConfiguration;
			buildSettings = {
				BUNDLE_LOADER = "$(TEST_HOST)";
				FRAMEWORK_SEARCH_PATHS = (
					"$(SDKROOT)/Developer/Library/Frameworks",
					"$(inherited)",
				);
				INFOPLIST_FILE = DemoTests/Info.plist;
				LD_RUNPATH_SEARCH_PATHS = "$(inherited) @executable_path/Frameworks @loader_path/Frameworks";
				PRODUCT_NAME = "$(TARGET_NAME)";
				TEST_HOST = "$(BUILT_PRODUCTS_DIR)/Demo.app/Demo";
			};
			name = Release;
		};
/* End XCBuildConfiguration section */

/* Begin XCConfigurationList section */
		021BC5671A98284200B336F4 /* Build configuration list for PBXProject "Demo" */ = {
			isa = XCConfigurationList;
			buildConfigurations = (
				021BC5891A98284300B336F4 /* Debug */,
				021BC58A1A98284300B336F4 /* Release */,
			);
			defaultConfigurationIsVisible = 0;
			defaultConfigurationName = Release;
		};
		021BC58B1A98284300B336F4 /* Build configuration list for PBXNativeTarget "Demo" */ = {
			isa = XCConfigurationList;
			buildConfigurations = (
				021BC58C1A98284300B336F4 /* Debug */,
				021BC58D1A98284300B336F4 /* Release */,
			);
			defaultConfigurationIsVisible = 0;
		};
		021BC58E1A98284300B336F4 /* Build configuration list for PBXNativeTarget "DemoTests" */ = {
			isa = XCConfigurationList;
			buildConfigurations = (
				021BC58F1A98284300B336F4 /* Debug */,
				021BC5901A98284300B336F4 /* Release */,
			);
			defaultConfigurationIsVisible = 0;
		};
/* End XCConfigurationList section */
	};
	rootObject = 021BC5641A98284200B336F4 /* Project object */;
}
